
Microsoft Visual Studio Solution File, Format Version 12.00
# Visual Studio Version 17
VisualStudioVersion = 17.14.36408.4 d17.14
MinimumVisualStudioVersion = 10.0.40219.1
Project("{FAE04EC0-301F-11D3-BF4B-00C04F79EFBC}") = "UserManagement", "UserManagement.csproj", "{60637443-F110-40CF-90E8-E79657A4F8B3}"
EndProject
Global
	GlobalSection(SolutionConfigurationPlatforms) = preSolution
		Debug|Any CPU = Debug|Any CPU
		Release|Any CPU = Release|Any CPU
	EndGlobalSection
	GlobalSection(ProjectConfigurationPlatforms) = postSolution
		{60637443-F110-40CF-90E8-E79657A4F8B3}.Debug|Any CPU.ActiveCfg = Debug|Any CPU
		{60637443-F110-40CF-90E8-E79657A4F8B3}.Debug|Any CPU.Build.0 = Debug|Any CPU
		{60637443-F110-40CF-90E8-E79657A4F8B3}.Release|Any CPU.ActiveCfg = Release|Any CPU
		{60637443-F110-40CF-90E8-E79657A4F8B3}.Release|Any CPU.Build.0 = Release|Any CPU
	EndGlobalSection
	GlobalSection(SolutionProperties) = preSolution
		HideSolutionNode = FALSE
	EndGlobalSection
	GlobalSection(ExtensibilityGlobals) = postSolution
		SolutionGuid = {31DB97D9-DF8A-4669-BC74-8F8564244683}
	EndGlobalSection
EndGlobal
